
Microsoft Visual Studio Solution File, Format Version 12.00
# Visual Studio Version 17
VisualStudioVersion = 17.8.34330.188
MinimumVisualStudioVersion = 10.0.40219.1
Project("{9A19103F-16F7-4668-BE54-9A1E7A4F7556}") = "Globals", "Globals\Globals.csproj", "{EE5D4877-1185-4C5E-AE8E-ED5863F00AEF}"
EndProject
Project("{9A19103F-16F7-4668-BE54-9A1E7A4F7556}") = "Globals.Main", "Globals.Main\Globals.Main.csproj", "{F682034C-B2CA-4149-9D74-7FDC6FEBD256}"
EndProject
Global
	GlobalSection(SolutionConfigurationPlatforms) = preSolution
		Debug|Any CPU = Debug|Any CPU
		Release|Any CPU = Release|Any CPU
	EndGlobalSection
	GlobalSection(ProjectConfigurationPlatforms) = postSolution
		{EE5D4877-1185-4C5E-AE8E-ED5863F00AEF}.Debug|Any CPU.ActiveCfg = Debug|Any CPU
		{EE5D4877-1185-4C5E-AE8E-ED5863F00AEF}.Debug|Any CPU.Build.0 = Debug|Any CPU
		{EE5D4877-1185-4C5E-AE8E-ED5863F00AEF}.Release|Any CPU.ActiveCfg = Release|Any CPU
		{EE5D4877-1185-4C5E-AE8E-ED5863F00AEF}.Release|Any CPU.Build.0 = Release|Any CPU
		{F682034C-B2CA-4149-9D74-7FDC6FEBD256}.Debug|Any CPU.ActiveCfg = Debug|Any CPU
		{F682034C-B2CA-4149-9D74-7FDC6FEBD256}.Debug|Any CPU.Build.0 = Debug|Any CPU
		{F682034C-B2CA-4149-9D74-7FDC6FEBD256}.Release|Any CPU.ActiveCfg = Release|Any CPU
		{F682034C-B2CA-4149-9D74-7FDC6FEBD256}.Release|Any CPU.Build.0 = Release|Any CPU
	EndGlobalSection
	GlobalSection(SolutionProperties) = preSolution
		HideSolutionNode = FALSE
	EndGlobalSection
	GlobalSection(ExtensibilityGlobals) = postSolution
		SolutionGuid = {5C0DC4F4-0CED-447F-A5F4-FAF9F58A5D69}
	EndGlobalSection
EndGlobal
